
Microsoft Visual Studio Solution File, Format Version 12.00
# Visual Studio Version 16
VisualStudioVersion = 16.0.34601.136
MinimumVisualStudioVersion = 10.0.40219.1
Project("{FAE04EC0-301F-11D3-BF4B-00C04F79EFBC}") = "store_api", "store_api\store_api.csproj", "{30E5A358-1ABC-48C4-93DC-F89C69B33668}"
EndProject
Global
	GlobalSection(SolutionConfigurationPlatforms) = preSolution
		Debug|Any CPU = Debug|Any CPU
		Release|Any CPU = Release|Any CPU
	EndGlobalSection
	GlobalSection(ProjectConfigurationPlatforms) = postSolution
		{30E5A358-1ABC-48C4-93DC-F89C69B33668}.Debug|Any CPU.ActiveCfg = Debug|Any CPU
		{30E5A358-1ABC-48C4-93DC-F89C69B33668}.Debug|Any CPU.Build.0 = Debug|Any CPU
		{30E5A358-1ABC-48C4-93DC-F89C69B33668}.Release|Any CPU.ActiveCfg = Release|Any CPU
		{30E5A358-1ABC-48C4-93DC-F89C69B33668}.Release|Any CPU.Build.0 = Release|Any CPU
	EndGlobalSection
	GlobalSection(SolutionProperties) = preSolution
		HideSolutionNode = FALSE
	EndGlobalSection
	GlobalSection(ExtensibilityGlobals) = postSolution
		SolutionGuid = {E480E10D-EC46-4873-AA78-F5BE9CEBAFA1}
	EndGlobalSection
EndGlobal
